
Microsoft Visual Studio Solution File, Format Version 12.00
# Visual Studio Version 17
VisualStudioVersion = 17.5.002.0
MinimumVisualStudioVersion = 10.0.40219.1
Project("{9A19103F-16F7-4668-BE54-9A1E7A4F7556}") = "LoginApi", "LoginApi.csproj", "{4BCD2F77-7D88-4086-92E2-4739FDDF19DE}"
EndProject
Global
	GlobalSection(SolutionConfigurationPlatforms) = preSolution
		Debug|Any CPU = Debug|Any CPU
		Release|Any CPU = Release|Any CPU
	EndGlobalSection
	GlobalSection(ProjectConfigurationPlatforms) = postSolution
		{4BCD2F77-7D88-4086-92E2-4739FDDF19DE}.Debug|Any CPU.ActiveCfg = Debug|Any CPU
		{4BCD2F77-7D88-4086-92E2-4739FDDF19DE}.Debug|Any CPU.Build.0 = Debug|Any CPU
		{4BCD2F77-7D88-4086-92E2-4739FDDF19DE}.Release|Any CPU.ActiveCfg = Release|Any CPU
		{4BCD2F77-7D88-4086-92E2-4739FDDF19DE}.Release|Any CPU.Build.0 = Release|Any CPU
	EndGlobalSection
	GlobalSection(SolutionProperties) = preSolution
		HideSolutionNode = FALSE
	EndGlobalSection
	GlobalSection(ExtensibilityGlobals) = postSolution
		SolutionGuid = {FCE983BB-2774-4212-BF1E-330494D36C92}
	EndGlobalSection
EndGlobal
